
Microsoft Visual Studio Solution File, Format Version 12.00
# Visual Studio Version 17
VisualStudioVersion = 17.14.36121.58 d17.14
MinimumVisualStudioVersion = 10.0.40219.1
Project("{FAE04EC0-301F-11D3-BF4B-00C04F79EFBC}") = "HospitalAppointment", "HospitalAppointment\HospitalAppointment.csproj", "{1D6B1008-BD7B-42AF-BFAD-559686F78492}"
EndProject
Global
	GlobalSection(SolutionConfigurationPlatforms) = preSolution
		Debug|Any CPU = Debug|Any CPU
		Release|Any CPU = Release|Any CPU
	EndGlobalSection
	GlobalSection(ProjectConfigurationPlatforms) = postSolution
		{1D6B1008-BD7B-42AF-BFAD-559686F78492}.Debug|Any CPU.ActiveCfg = Debug|Any CPU
		{1D6B1008-BD7B-42AF-BFAD-559686F78492}.Debug|Any CPU.Build.0 = Debug|Any CPU
		{1D6B1008-BD7B-42AF-BFAD-559686F78492}.Release|Any CPU.ActiveCfg = Release|Any CPU
		{1D6B1008-BD7B-42AF-BFAD-559686F78492}.Release|Any CPU.Build.0 = Release|Any CPU
	EndGlobalSection
	GlobalSection(SolutionProperties) = preSolution
		HideSolutionNode = FALSE
	EndGlobalSection
	GlobalSection(ExtensibilityGlobals) = postSolution
		SolutionGuid = {33708350-5A3A-4E82-90AD-F4AFADFC3194}
	EndGlobalSection
EndGlobal
